
Microsoft Visual Studio Solution File, Format Version 12.00
# Visual Studio 15
VisualStudioVersion = 15.0.27004.2009
MinimumVisualStudioVersion = 10.0.40219.1
Project("{FAE04EC0-301F-11D3-BF4B-00C04F79EFBC}") = "LiteSpecs", "projects\LiteSpecs\LiteSpecs.csproj", "{94DDDFB1-71C7-4BEC-B068-B0CE0C90BF2F}"
EndProject
Project("{FAE04EC0-301F-11D3-BF4B-00C04F79EFBC}") = "LiteSpecs.UnitTests", "tests\LiteSpecs.UnitTests\LiteSpecs.UnitTests.csproj", "{0DDD9708-6712-4F14-9796-2545BEE1519C}"
EndProject
Global
	GlobalSection(SolutionConfigurationPlatforms) = preSolution
		Debug|Any CPU = Debug|Any CPU
		Release|Any CPU = Release|Any CPU
	EndGlobalSection
	GlobalSection(ProjectConfigurationPlatforms) = postSolution
		{94DDDFB1-71C7-4BEC-B068-B0CE0C90BF2F}.Debug|Any CPU.ActiveCfg = Debug|Any CPU
		{94DDDFB1-71C7-4BEC-B068-B0CE0C90BF2F}.Debug|Any CPU.Build.0 = Debug|Any CPU
		{94DDDFB1-71C7-4BEC-B068-B0CE0C90BF2F}.Release|Any CPU.ActiveCfg = Release|Any CPU
		{94DDDFB1-71C7-4BEC-B068-B0CE0C90BF2F}.Release|Any CPU.Build.0 = Release|Any CPU
		{0DDD9708-6712-4F14-9796-2545BEE1519C}.Debug|Any CPU.ActiveCfg = Debug|Any CPU
		{0DDD9708-6712-4F14-9796-2545BEE1519C}.Debug|Any CPU.Build.0 = Debug|Any CPU
		{0DDD9708-6712-4F14-9796-2545BEE1519C}.Release|Any CPU.ActiveCfg = Release|Any CPU
		{0DDD9708-6712-4F14-9796-2545BEE1519C}.Release|Any CPU.Build.0 = Release|Any CPU
	EndGlobalSection
	GlobalSection(SolutionProperties) = preSolution
		HideSolutionNode = FALSE
	EndGlobalSection
	GlobalSection(ExtensibilityGlobals) = postSolution
		SolutionGuid = {615BF56F-F6E9-4009-9059-B44B6175F27B}
	EndGlobalSection
EndGlobal
